
Microsoft Visual Studio Solution File, Format Version 12.00
# Visual Studio Version 17
VisualStudioVersion = 17.11.35208.52
MinimumVisualStudioVersion = 10.0.40219.1
Project("{FAE04EC0-301F-11D3-BF4B-00C04F79EFBC}") = "MelodiasDelMundo_Client", "MelodiasDelMundo_Client.csproj", "{8E23B38F-AA31-455A-A648-A78392FD79B3}"
EndProject
Global
	GlobalSection(SolutionConfigurationPlatforms) = preSolution
		Debug|Any CPU = Debug|Any CPU
		Release|Any CPU = Release|Any CPU
	EndGlobalSection
	GlobalSection(ProjectConfigurationPlatforms) = postSolution
		{8E23B38F-AA31-455A-A648-A78392FD79B3}.Debug|Any CPU.ActiveCfg = Debug|Any CPU
		{8E23B38F-AA31-455A-A648-A78392FD79B3}.Debug|Any CPU.Build.0 = Debug|Any CPU
		{8E23B38F-AA31-455A-A648-A78392FD79B3}.Release|Any CPU.ActiveCfg = Release|Any CPU
		{8E23B38F-AA31-455A-A648-A78392FD79B3}.Release|Any CPU.Build.0 = Release|Any CPU
	EndGlobalSection
	GlobalSection(SolutionProperties) = preSolution
		HideSolutionNode = FALSE
	EndGlobalSection
	GlobalSection(ExtensibilityGlobals) = postSolution
		SolutionGuid = {15E871A3-97D5-4C78-907D-31254620B937}
	EndGlobalSection
EndGlobal
